
Microsoft Visual Studio Solution File, Format Version 12.00
# Visual Studio Version 17
VisualStudioVersion = 17.6.33723.286
MinimumVisualStudioVersion = 10.0.40219.1
Project("{FAE04EC0-301F-11D3-BF4B-00C04F79EFBC}") = "App1.UWP", "App1.UWP\App1.UWP.csproj", "{801156A4-D59A-4EA3-9C61-25536BBB0779}"
EndProject
Project("{FAE04EC0-301F-11D3-BF4B-00C04F79EFBC}") = "App1.Android", "App1.Android\App1.Android.csproj", "{C76F4BC4-6276-41EC-A774-81664BFC6D6D}"
EndProject
Project("{FAE04EC0-301F-11D3-BF4B-00C04F79EFBC}") = "App1.iOS", "App1.iOS\App1.iOS.csproj", "{0F960CFA-9AD9-4CA4-9AE9-61D921360926}"
EndProject
Project("{FAE04EC0-301F-11D3-BF4B-00C04F79EFBC}") = "App1", "App1\App1.csproj", "{E5026ECA-F35E-4A9E-AE45-FE0108E93F63}"
EndProject
Global
	GlobalSection(SolutionConfigurationPlatforms) = preSolution
		Debug|Any CPU = Debug|Any CPU
		Debug|ARM = Debug|ARM
		Debug|iPhone = Debug|iPhone
		Debug|iPhoneSimulator = Debug|iPhoneSimulator
		Debug|x64 = Debug|x64
		Debug|x86 = Debug|x86
		Release|Any CPU = Release|Any CPU
		Release|ARM = Release|ARM
		Release|iPhone = Release|iPhone
		Release|iPhoneSimulator = Release|iPhoneSimulator
		Release|x64 = Release|x64
		Release|x86 = Release|x86
	EndGlobalSection
	GlobalSection(ProjectConfigurationPlatforms) = postSolution
		{801156A4-D59A-4EA3-9C61-25536BBB0779}.Debug|Any CPU.ActiveCfg = Debug|x64
		{801156A4-D59A-4EA3-9C61-25536BBB0779}.Debug|Any CPU.Build.0 = Debug|x64
		{801156A4-D59A-4EA3-9C61-25536BBB0779}.Debug|Any CPU.Deploy.0 = Debug|x64
		{801156A4-D59A-4EA3-9C61-25536BBB0779}.Debug|ARM.ActiveCfg = Debug|ARM
		{801156A4-D59A-4EA3-9C61-25536BBB0779}.Debug|ARM.Build.0 = Debug|ARM
		{801156A4-D59A-4EA3-9C61-25536BBB0779}.Debug|ARM.Deploy.0 = Debug|ARM
		{801156A4-D59A-4EA3-9C61-25536BBB0779}.Debug|iPhone.ActiveCfg = Debug|x64
		{801156A4-D59A-4EA3-9C61-25536BBB0779}.Debug|iPhone.Build.0 = Debug|x64
		{801156A4-D59A-4EA3-9C61-25536BBB0779}.Debug|iPhone.Deploy.0 = Debug|x64
		{801156A4-D59A-4EA3-9C61-25536BBB0779}.Debug|iPhoneSimulator.ActiveCfg = Debug|x64
		{801156A4-D59A-4EA3-9C61-25536BBB0779}.Debug|iPhoneSimulator.Build.0 = Debug|x64
		{801156A4-D59A-4EA3-9C61-25536BBB0779}.Debug|iPhoneSimulator.Deploy.0 = Debug|x64
		{801156A4-D59A-4EA3-9C61-25536BBB0779}.Debug|x64.ActiveCfg = Debug|x64
		{801156A4-D59A-4EA3-9C61-25536BBB0779}.Debug|x64.Build.0 = Debug|x64
		{801156A4-D59A-4EA3-9C61-25536BBB0779}.Debug|x64.Deploy.0 = Debug|x64
		{801156A4-D59A-4EA3-9C61-25536BBB0779}.Debug|x86.ActiveCfg = Debug|x86
		{801156A4-D59A-4EA3-9C61-25536BBB0779}.Debug|x86.Build.0 = Debug|x86
		{801156A4-D59A-4EA3-9C61-25536BBB0779}.Debug|x86.Deploy.0 = Debug|x86
		{801156A4-D59A-4EA3-9C61-25536BBB0779}.Release|Any CPU.ActiveCfg = Release|x64
		{801156A4-D59A-4EA3-9C61-25536BBB0779}.Release|Any CPU.Build.0 = Release|x64
		{801156A4-D59A-4EA3-9C61-25536BBB0779}.Release|Any CPU.Deploy.0 = Release|x64
		{801156A4-D59A-4EA3-9C61-25536BBB0779}.Release|ARM.ActiveCfg = Release|ARM
		{801156A4-D59A-4EA3-9C61-25536BBB0779}.Release|ARM.Build.0 = Release|ARM
		{801156A4-D59A-4EA3-9C61-25536BBB0779}.Release|ARM.Deploy.0 = Release|ARM
		{801156A4-D59A-4EA3-9C61-25536BBB0779}.Release|iPhone.ActiveCfg = Release|x64
		{801156A4-D59A-4EA3-9C61-25536BBB0779}.Release|iPhone.Build.0 = Release|x64
		{801156A4-D59A-4EA3-9C61-25536BBB0779}.Release|iPhone.Deploy.0 = Release|x64
		{801156A4-D59A-4EA3-9C61-25536BBB0779}.Release|iPhoneSimulator.ActiveCfg = Release|x64
		{801156A4-D59A-4EA3-9C61-25536BBB0779}.Release|iPhoneSimulator.Build.0 = Release|x64
		{801156A4-D59A-4EA3-9C61-25536BBB0779}.Release|iPhoneSimulator.Deploy.0 = Release|x64
		{801156A4-D59A-4EA3-9C61-25536BBB0779}.Release|x64.ActiveCfg = Release|x64
		{801156A4-D59A-4EA3-9C61-25536BBB0779}.Release|x64.Build.0 = Release|x64
		{801156A4-D59A-4EA3-9C61-25536BBB0779}.Release|x64.Deploy.0 = Release|x64
		{801156A4-D59A-4EA3-9C61-25536BBB0779}.Release|x86.ActiveCfg = Release|x86
		{801156A4-D59A-4EA3-9C61-25536BBB0779}.Release|x86.Build.0 = Release|x86
		{801156A4-D59A-4EA3-9C61-25536BBB0779}.Release|x86.Deploy.0 = Release|x86
		{C76F4BC4-6276-41EC-A774-81664BFC6D6D}.Debug|Any CPU.ActiveCfg = Debug|Any CPU
		{C76F4BC4-6276-41EC-A774-81664BFC6D6D}.Debug|Any CPU.Build.0 = Debug|Any CPU
		{C76F4BC4-6276-41EC-A774-81664BFC6D6D}.Debug|Any CPU.Deploy.0 = Debug|Any CPU
		{C76F4BC4-6276-41EC-A774-81664BFC6D6D}.Debug|ARM.ActiveCfg = Debug|Any CPU
		{C76F4BC4-6276-41EC-A774-81664BFC6D6D}.Debug|ARM.Build.0 = Debug|Any CPU
		{C76F4BC4-6276-41EC-A774-81664BFC6D6D}.Debug|ARM.Deploy.0 = Debug|Any CPU
		{C76F4BC4-6276-41EC-A774-81664BFC6D6D}.Debug|iPhone.ActiveCfg = Debug|Any CPU
		{C76F4BC4-6276-41EC-A774-81664BFC6D6D}.Debug|iPhone.Build.0 = Debug|Any CPU
		{C76F4BC4-6276-41EC-A774-81664BFC6D6D}.Debug|iPhone.Deploy.0 = Debug|Any CPU
		{C76F4BC4-6276-41EC-A774-81664BFC6D6D}.Debug|iPhoneSimulator.ActiveCfg = Debug|Any CPU
		{C76F4BC4-6276-41EC-A774-81664BFC6D6D}.Debug|iPhoneSimulator.Build.0 = Debug|Any CPU
		{C76F4BC4-6276-41EC-A774-81664BFC6D6D}.Debug|iPhoneSimulator.Deploy.0 = Debug|Any CPU
		{C76F4BC4-6276-41EC-A774-81664BFC6D6D}.Debug|x64.ActiveCfg = Debug|Any CPU
		{C76F4BC4-6276-41EC-A774-81664BFC6D6D}.Debug|x64.Build.0 = Debug|Any CPU
		{C76F4BC4-6276-41EC-A774-81664BFC6D6D}.Debug|x64.Deploy.0 = Debug|Any CPU
		{C76F4BC4-6276-41EC-A774-81664BFC6D6D}.Debug|x86.ActiveCfg = Debug|Any CPU
		{C76F4BC4-6276-41EC-A774-81664BFC6D6D}.Debug|x86.Build.0 = Debug|Any CPU
		{C76F4BC4-6276-41EC-A774-81664BFC6D6D}.Debug|x86.Deploy.0 = Debug|Any CPU
		{C76F4BC4-6276-41EC-A774-81664BFC6D6D}.Release|Any CPU.ActiveCfg = Release|Any CPU
		{C76F4BC4-6276-41EC-A774-81664BFC6D6D}.Release|Any CPU.Build.0 = Release|Any CPU
		{C76F4BC4-6276-41EC-A774-81664BFC6D6D}.Release|Any CPU.Deploy.0 = Release|Any CPU
		{C76F4BC4-6276-41EC-A774-81664BFC6D6D}.Release|ARM.ActiveCfg = Release|Any CPU
		{C76F4BC4-6276-41EC-A774-81664BFC6D6D}.Release|ARM.Build.0 = Release|Any CPU
		{C76F4BC4-6276-41EC-A774-81664BFC6D6D}.Release|ARM.Deploy.0 = Release|Any CPU
		{C76F4BC4-6276-41EC-A774-81664BFC6D6D}.Release|iPhone.ActiveCfg = Release|Any CPU
		{C76F4BC4-6276-41EC-A774-81664BFC6D6D}.Release|iPhone.Build.0 = Release|Any CPU
		{C76F4BC4-6276-41EC-A774-81664BFC6D6D}.Release|iPhone.Deploy.0 = Release|Any CPU
		{C76F4BC4-6276-41EC-A774-81664BFC6D6D}.Release|iPhoneSimulator.ActiveCfg = Release|Any CPU
		{C76F4BC4-6276-41EC-A774-81664BFC6D6D}.Release|iPhoneSimulator.Build.0 = Release|Any CPU
		{C76F4BC4-6276-41EC-A774-81664BFC6D6D}.Release|iPhoneSimulator.Deploy.0 = Release|Any CPU
		{C76F4BC4-6276-41EC-A774-81664BFC6D6D}.Release|x64.ActiveCfg = Release|Any CPU
		{C76F4BC4-6276-41EC-A774-81664BFC6D6D}.Release|x64.Build.0 = Release|Any CPU
		{C76F4BC4-6276-41EC-A774-81664BFC6D6D}.Release|x64.Deploy.0 = Release|Any CPU
		{C76F4BC4-6276-41EC-A774-81664BFC6D6D}.Release|x86.ActiveCfg = Release|Any CPU
		{C76F4BC4-6276-41EC-A774-81664BFC6D6D}.Release|x86.Build.0 = Release|Any CPU
		{C76F4BC4-6276-41EC-A774-81664BFC6D6D}.Release|x86.Deploy.0 = Release|Any CPU
		{0F960CFA-9AD9-4CA4-9AE9-61D921360926}.Debug|Any CPU.ActiveCfg = Debug|iPhoneSimulator
		{0F960CFA-9AD9-4CA4-9AE9-61D921360926}.Debug|Any CPU.Build.0 = Debug|iPhoneSimulator
		{0F960CFA-9AD9-4CA4-9AE9-61D921360926}.Debug|Any CPU.Deploy.0 = Debug|iPhoneSimulator
		{0F960CFA-9AD9-4CA4-9AE9-61D921360926}.Debug|ARM.ActiveCfg = Debug|iPhoneSimulator
		{0F960CFA-9AD9-4CA4-9AE9-61D921360926}.Debug|ARM.Build.0 = Debug|iPhoneSimulator
		{0F960CFA-9AD9-4CA4-9AE9-61D921360926}.Debug|ARM.Deploy.0 = Debug|iPhoneSimulator
		{0F960CFA-9AD9-4CA4-9AE9-61D921360926}.Debug|iPhone.ActiveCfg = Debug|iPhone
		{0F960CFA-9AD9-4CA4-9AE9-61D921360926}.Debug|iPhone.Build.0 = Debug|iPhone
		{0F960CFA-9AD9-4CA4-9AE9-61D921360926}.Debug|iPhone.Deploy.0 = Debug|iPhone
		{0F960CFA-9AD9-4CA4-9AE9-61D921360926}.Debug|iPhoneSimulator.ActiveCfg = Debug|iPhoneSimulator
		{0F960CFA-9AD9-4CA4-9AE9-61D921360926}.Debug|iPhoneSimulator.Build.0 = Debug|iPhoneSimulator
		{0F960CFA-9AD9-4CA4-9AE9-61D921360926}.Debug|iPhoneSimulator.Deploy.0 = Debug|iPhoneSimulator
		{0F960CFA-9AD9-4CA4-9AE9-61D921360926}.Debug|x64.ActiveCfg = Debug|iPhone
		{0F960CFA-9AD9-4CA4-9AE9-61D921360926}.Debug|x64.Build.0 = Debug|iPhone
		{0F960CFA-9AD9-4CA4-9AE9-61D921360926}.Debug|x64.Deploy.0 = Debug|iPhone
		{0F960CFA-9AD9-4CA4-9AE9-61D921360926}.Debug|x86.ActiveCfg = Debug|iPhoneSimulator
		{0F960CFA-9AD9-4CA4-9AE9-61D921360926}.Debug|x86.Build.0 = Debug|iPhoneSimulator
		{0F960CFA-9AD9-4CA4-9AE9-61D921360926}.Debug|x86.Deploy.0 = Debug|iPhoneSimulator
		{0F960CFA-9AD9-4CA4-9AE9-61D921360926}.Release|Any CPU.ActiveCfg = Release|iPhoneSimulator
		{0F960CFA-9AD9-4CA4-9AE9-61D921360926}.Release|Any CPU.Build.0 = Release|iPhoneSimulator
		{0F960CFA-9AD9-4CA4-9AE9-61D921360926}.Release|Any CPU.Deploy.0 = Release|iPhoneSimulator
		{0F960CFA-9AD9-4CA4-9AE9-61D921360926}.Release|ARM.ActiveCfg = Release|iPhoneSimulator
		{0F960CFA-9AD9-4CA4-9AE9-61D921360926}.Release|ARM.Build.0 = Release|iPhoneSimulator
		{0F960CFA-9AD9-4CA4-9AE9-61D921360926}.Release|ARM.Deploy.0 = Release|iPhoneSimulator
		{0F960CFA-9AD9-4CA4-9AE9-61D921360926}.Release|iPhone.ActiveCfg = Release|iPhone
		{0F960CFA-9AD9-4CA4-9AE9-61D921360926}.Release|iPhone.Build.0 = Release|iPhone
		{0F960CFA-9AD9-4CA4-9AE9-61D921360926}.Release|iPhone.Deploy.0 = Release|iPhone
		{0F960CFA-9AD9-4CA4-9AE9-61D921360926}.Release|iPhoneSimulator.ActiveCfg = Release|iPhoneSimulator
		{0F960CFA-9AD9-4CA4-9AE9-61D921360926}.Release|iPhoneSimulator.Build.0 = Release|iPhoneSimulator
		{0F960CFA-9AD9-4CA4-9AE9-61D921360926}.Release|iPhoneSimulator.Deploy.0 = Release|iPhoneSimulator
		{0F960CFA-9AD9-4CA4-9AE9-61D921360926}.Release|x64.ActiveCfg = Release|iPhoneSimulator
		{0F960CFA-9AD9-4CA4-9AE9-61D921360926}.Release|x64.Build.0 = Release|iPhoneSimulator
		{0F960CFA-9AD9-4CA4-9AE9-61D921360926}.Release|x64.Deploy.0 = Release|iPhoneSimulator
		{0F960CFA-9AD9-4CA4-9AE9-61D921360926}.Release|x86.ActiveCfg = Release|iPhoneSimulator
		{0F960CFA-9AD9-4CA4-9AE9-61D921360926}.Release|x86.Build.0 = Release|iPhoneSimulator
		{0F960CFA-9AD9-4CA4-9AE9-61D921360926}.Release|x86.Deploy.0 = Release|iPhoneSimulator
		{E5026ECA-F35E-4A9E-AE45-FE0108E93F63}.Debug|Any CPU.ActiveCfg = Debug|Any CPU
		{E5026ECA-F35E-4A9E-AE45-FE0108E93F63}.Debug|Any CPU.Build.0 = Debug|Any CPU
		{E5026ECA-F35E-4A9E-AE45-FE0108E93F63}.Debug|Any CPU.Deploy.0 = Debug|Any CPU
		{E5026ECA-F35E-4A9E-AE45-FE0108E93F63}.Debug|ARM.ActiveCfg = Debug|Any CPU
		{E5026ECA-F35E-4A9E-AE45-FE0108E93F63}.Debug|ARM.Build.0 = Debug|Any CPU
		{E5026ECA-F35E-4A9E-AE45-FE0108E93F63}.Debug|ARM.Deploy.0 = Debug|Any CPU
		{E5026ECA-F35E-4A9E-AE45-FE0108E93F63}.Debug|iPhone.ActiveCfg = Debug|Any CPU
		{E5026ECA-F35E-4A9E-AE45-FE0108E93F63}.Debug|iPhone.Build.0 = Debug|Any CPU
		{E5026ECA-F35E-4A9E-AE45-FE0108E93F63}.Debug|iPhone.Deploy.0 = Debug|Any CPU
		{E5026ECA-F35E-4A9E-AE45-FE0108E93F63}.Debug|iPhoneSimulator.ActiveCfg = Debug|Any CPU
		{E5026ECA-F35E-4A9E-AE45-FE0108E93F63}.Debug|iPhoneSimulator.Build.0 = Debug|Any CPU
		{E5026ECA-F35E-4A9E-AE45-FE0108E93F63}.Debug|iPhoneSimulator.Deploy.0 = Debug|Any CPU
		{E5026ECA-F35E-4A9E-AE45-FE0108E93F63}.Debug|x64.ActiveCfg = Debug|Any CPU
		{E5026ECA-F35E-4A9E-AE45-FE0108E93F63}.Debug|x64.Build.0 = Debug|Any CPU
		{E5026ECA-F35E-4A9E-AE45-FE0108E93F63}.Debug|x64.Deploy.0 = Debug|Any CPU
		{E5026ECA-F35E-4A9E-AE45-FE0108E93F63}.Debug|x86.ActiveCfg = Debug|Any CPU
		{E5026ECA-F35E-4A9E-AE45-FE0108E93F63}.Debug|x86.Build.0 = Debug|Any CPU
		{E5026ECA-F35E-4A9E-AE45-FE0108E93F63}.Debug|x86.Deploy.0 = Debug|Any CPU
		{E5026ECA-F35E-4A9E-AE45-FE0108E93F63}.Release|Any CPU.ActiveCfg = Release|Any CPU
		{E5026ECA-F35E-4A9E-AE45-FE0108E93F63}.Release|Any CPU.Build.0 = Release|Any CPU
		{E5026ECA-F35E-4A9E-AE45-FE0108E93F63}.Release|Any CPU.Deploy.0 = Release|Any CPU
		{E5026ECA-F35E-4A9E-AE45-FE0108E93F63}.Release|ARM.ActiveCfg = Release|Any CPU
		{E5026ECA-F35E-4A9E-AE45-FE0108E93F63}.Release|ARM.Build.0 = Release|Any CPU
		{E5026ECA-F35E-4A9E-AE45-FE0108E93F63}.Release|ARM.Deploy.0 = Release|Any CPU
		{E5026ECA-F35E-4A9E-AE45-FE0108E93F63}.Release|iPhone.ActiveCfg = Release|Any CPU
		{E5026ECA-F35E-4A9E-AE45-FE0108E93F63}.Release|iPhone.Build.0 = Release|Any CPU
		{E5026ECA-F35E-4A9E-AE45-FE0108E93F63}.Release|iPhone.Deploy.0 = Release|Any CPU
		{E5026ECA-F35E-4A9E-AE45-FE0108E93F63}.Release|iPhoneSimulator.ActiveCfg = Release|Any CPU
		{E5026ECA-F35E-4A9E-AE45-FE0108E93F63}.Release|iPhoneSimulator.Build.0 = Release|Any CPU
		{E5026ECA-F35E-4A9E-AE45-FE0108E93F63}.Release|iPhoneSimulator.Deploy.0 = Release|Any CPU
		{E5026ECA-F35E-4A9E-AE45-FE0108E93F63}.Release|x64.ActiveCfg = Release|Any CPU
		{E5026ECA-F35E-4A9E-AE45-FE0108E93F63}.Release|x64.Build.0 = Release|Any CPU
		{E5026ECA-F35E-4A9E-AE45-FE0108E93F63}.Release|x64.Deploy.0 = Release|Any CPU
		{E5026ECA-F35E-4A9E-AE45-FE0108E93F63}.Release|x86.ActiveCfg = Release|Any CPU
		{E5026ECA-F35E-4A9E-AE45-FE0108E93F63}.Release|x86.Build.0 = Release|Any CPU
		{E5026ECA-F35E-4A9E-AE45-FE0108E93F63}.Release|x86.Deploy.0 = Release|Any CPU
	EndGlobalSection
	GlobalSection(SolutionProperties) = preSolution
		HideSolutionNode = FALSE
	EndGlobalSection
	GlobalSection(ExtensibilityGlobals) = postSolution
		SolutionGuid = {CE8339B4-18EC-4A04-9F0D-02431F358B40}
	EndGlobalSection
EndGlobal
